// !$*UTF8*$!
{
	archiveVersion = 1;
	classes = {
	};
	objectVersion = 56;
	objects = {

/* Begin PBXBuildFile section */
		7F9A14A729C24E21003195DF /* AppDelegate.swift in Sources */ = {isa = PBXBuildFile; fileRef = 7F9A14A629C24E21003195DF /* AppDelegate.swift */; };
		7F9A14A929C24E21003195DF /* SceneDelegate.swift in Sources */ = {isa = PBXBuildFile; fileRef = 7F9A14A829C24E21003195DF /* SceneDelegate.swift */; };
		7F9A14AB29C24E21003195DF /* ViewController.swift in Sources */ = {isa = PBXBuildFile; fileRef = 7F9A14AA29C24E21003195DF /* ViewController.swift */; };
		7F9A14AE29C24E21003195DF /* Main.storyboard in Resources */ = {isa = PBXBuildFile; fileRef = 7F9A14AC29C24E21003195DF /* Main.storyboard */; };
		7F9A14B029C24E22003195DF /* Assets.xcassets in Resources */ = {isa = PBXBuildFile; fileRef = 7F9A14AF29C24E22003195DF /* Assets.xcassets */; };
		7F9A14B329C24E22003195DF /* LaunchScreen.storyboard in Resources */ = {isa = PBXBuildFile; fileRef = 7F9A14B129C24E22003195DF /* LaunchScreen.storyboard */; };
		7F9A14BE29C24E22003195DF /* weather_appTests.swift in Sources */ = {isa = PBXBuildFile; fileRef = 7F9A14BD29C24E22003195DF /* weather_appTests.swift */; };
		7F9A14C829C24E22003195DF /* weather_appUITests.swift in Sources */ = {isa = PBXBuildFile; fileRef = 7F9A14C729C24E22003195DF /* weather_appUITests.swift */; };
		7F9A14CA29C24E22003195DF /* weather_appUITestsLaunchTests.swift in Sources */ = {isa = PBXBuildFile; fileRef = 7F9A14C929C24E22003195DF /* weather_appUITestsLaunchTests.swift */; };
		7F9A14D729C24ECD003195DF /* 4418.json in Resources */ = {isa = PBXBuildFile; fileRef = 7F9A14D629C24ECC003195DF /* 4418.json */; };
		7F9A14D929C24EE5003195DF /* WeatherData.swift in Sources */ = {isa = PBXBuildFile; fileRef = 7F9A14D829C24EE5003195DF /* WeatherData.swift */; };
		7F9A14DB29C24FAE003195DF /* WeatherManager.swift in Sources */ = {isa = PBXBuildFile; fileRef = 7F9A14DA29C24FAE003195DF /* WeatherManager.swift */; };
/* End PBXBuildFile section */

/* Begin PBXContainerItemProxy section */
		7F9A14BA29C24E22003195DF /* PBXContainerItemProxy */ = {
			isa = PBXContainerItemProxy;
			containerPortal = 7F9A149B29C24E21003195DF /* Project object */;
			proxyType = 1;
			remoteGlobalIDString = 7F9A14A229C24E21003195DF;
			remoteInfo = "weather-app";
		};
		7F9A14C429C24E22003195DF /* PBXContainerItemProxy */ = {
			isa = PBXContainerItemProxy;
			containerPortal = 7F9A149B29C24E21003195DF /* Project object */;
			proxyType = 1;
			remoteGlobalIDString = 7F9A14A229C24E21003195DF;
			remoteInfo = "weather-app";
		};
/* End PBXContainerItemProxy section */

/* Begin PBXFileReference section */
		7F9A14A329C24E21003195DF /* weather-app.app */ = {isa = PBXFileReference; explicitFileType = wrapper.application; includeInIndex = 0; path = "weather-app.app"; sourceTree = BUILT_PRODUCTS_DIR; };
		7F9A14A629C24E21003195DF /* AppDelegate.swift */ = {isa = PBXFileReference; lastKnownFileType = sourcecode.swift; path = AppDelegate.swift; sourceTree = "<group>"; };
		7F9A14A829C24E21003195DF /* SceneDelegate.swift */ = {isa = PBXFileReference; lastKnownFileType = sourcecode.swift; path = SceneDelegate.swift; sourceTree = "<group>"; };
		7F9A14AA29C24E21003195DF /* ViewController.swift */ = {isa = PBXFileReference; indentWidth = 5; lastKnownFileType = sourcecode.swift; path = ViewController.swift; sourceTree = "<group>"; };
		7F9A14AD29C24E21003195DF /* Base */ = {isa = PBXFileReference; lastKnownFileType = file.storyboard; name = Base; path = Base.lproj/Main.storyboard; sourceTree = "<group>"; };
		7F9A14AF29C24E22003195DF /* Assets.xcassets */ = {isa = PBXFileReference; lastKnownFileType = folder.assetcatalog; path = Assets.xcassets; sourceTree = "<group>"; };
		7F9A14B229C24E22003195DF /* Base */ = {isa = PBXFileReference; lastKnownFileType = file.storyboard; name = Base; path = Base.lproj/LaunchScreen.storyboard; sourceTree = "<group>"; };
		7F9A14B429C24E22003195DF /* Info.plist */ = {isa = PBXFileReference; lastKnownFileType = text.plist.xml; path = Info.plist; sourceTree = "<group>"; };
		7F9A14B929C24E22003195DF /* weather-appTests.xctest */ = {isa = PBXFileReference; explicitFileType = wrapper.cfbundle; includeInIndex = 0; path = "weather-appTests.xctest"; sourceTree = BUILT_PRODUCTS_DIR; };
		7F9A14BD29C24E22003195DF /* weather_appTests.swift */ = {isa = PBXFileReference; lastKnownFileType = sourcecode.swift; path = weather_appTests.swift; sourceTree = "<group>"; };
		7F9A14C329C24E22003195DF /* weather-appUITests.xctest */ = {isa = PBXFileReference; explicitFileType = wrapper.cfbundle; includeInIndex = 0; path = "weather-appUITests.xctest"; sourceTree = BUILT_PRODUCTS_DIR; };
		7F9A14C729C24E22003195DF /* weather_appUITests.swift */ = {isa = PBXFileReference; lastKnownFileType = sourcecode.swift; path = weather_appUITests.swift; sourceTree = "<group>"; };
		7F9A14C929C24E22003195DF /* weather_appUITestsLaunchTests.swift */ = {isa = PBXFileReference; lastKnownFileType = sourcecode.swift; path = weather_appUITestsLaunchTests.swift; sourceTree = "<group>"; };
		7F9A14D629C24ECC003195DF /* 4418.json */ = {isa = PBXFileReference; fileEncoding = 4; lastKnownFileType = text.json; name = 4418.json; path = ../4418.json; sourceTree = "<group>"; };
		7F9A14D829C24EE5003195DF /* WeatherData.swift */ = {isa = PBXFileReference; lastKnownFileType = sourcecode.swift; path = WeatherData.swift; sourceTree = "<group>"; };
		7F9A14DA29C24FAE003195DF /* WeatherManager.swift */ = {isa = PBXFileReference; lastKnownFileType = sourcecode.swift; path = WeatherManager.swift; sourceTree = "<group>"; };
/* End PBXFileReference section */

/* Begin PBXFrameworksBuildPhase section */
		7F9A14A029C24E21003195DF /* Frameworks */ = {
			isa = PBXFrameworksBuildPhase;
			buildActionMask = 2147483647;
			files = (
			);
			runOnlyForDeploymentPostprocessing = 0;
		};
		7F9A14B629C24E22003195DF /* Frameworks */ = {
			isa = PBXFrameworksBuildPhase;
			buildActionMask = 2147483647;
			files = (
			);
			runOnlyForDeploymentPostprocessing = 0;
		};
		7F9A14C029C24E22003195DF /* Frameworks */ = {
			isa = PBXFrameworksBuildPhase;
			buildActionMask = 2147483647;
			files = (
			);
			runOnlyForDeploymentPostprocessing = 0;
		};
/* End PBXFrameworksBuildPhase section */

/* Begin PBXGroup section */
		7F9A149A29C24E21003195DF = {
			isa = PBXGroup;
			children = (
				7F9A14A529C24E21003195DF /* weather-app */,
				7F9A14BC29C24E22003195DF /* weather-appTests */,
				7F9A14C629C24E22003195DF /* weather-appUITests */,
				7F9A14A429C24E21003195DF /* Products */,
			);
			sourceTree = "<group>";
		};
		7F9A14A429C24E21003195DF /* Products */ = {
			isa = PBXGroup;
			children = (
				7F9A14A329C24E21003195DF /* weather-app.app */,
				7F9A14B929C24E22003195DF /* weather-appTests.xctest */,
				7F9A14C329C24E22003195DF /* weather-appUITests.xctest */,
			);
			name = Products;
			sourceTree = "<group>";
		};
		7F9A14A529C24E21003195DF /* weather-app */ = {
			isa = PBXGroup;
			children = (
				7F9A14D629C24ECC003195DF /* 4418.json */,
				7F9A14A629C24E21003195DF /* AppDelegate.swift */,
				7F9A14A829C24E21003195DF /* SceneDelegate.swift */,
				7F9A14AA29C24E21003195DF /* ViewController.swift */,
				7F9A14AC29C24E21003195DF /* Main.storyboard */,
				7F9A14AF29C24E22003195DF /* Assets.xcassets */,
				7F9A14B129C24E22003195DF /* LaunchScreen.storyboard */,
				7F9A14B429C24E22003195DF /* Info.plist */,
				7F9A14D829C24EE5003195DF /* WeatherData.swift */,
				7F9A14DA29C24FAE003195DF /* WeatherManager.swift */,
			);
			path = "weather-app";
			sourceTree = "<group>";
		};
		7F9A14BC29C24E22003195DF /* weather-appTests */ = {
			isa = PBXGroup;
			children = (
				7F9A14BD29C24E22003195DF /* weather_appTests.swift */,
			);
			path = "weather-appTests";
			sourceTree = "<group>";
		};
		7F9A14C629C24E22003195DF /* weather-appUITests */ = {
			isa = PBXGroup;
			children = (
				7F9A14C729C24E22003195DF /* weather_appUITests.swift */,
				7F9A14C929C24E22003195DF /* weather_appUITestsLaunchTests.swift */,
			);
			path = "weather-appUITests";
			sourceTree = "<group>";
		};
/* End PBXGroup section */

/* Begin PBXNativeTarget section */
		7F9A14A229C24E21003195DF /* weather-app */ = {
			isa = PBXNativeTarget;
			buildConfigurationList = 7F9A14CD29C24E22003195DF /* Build configuration list for PBXNativeTarget "weather-app" */;
			buildPhases = (
				7F9A149F29C24E21003195DF /* Sources */,
				7F9A14A029C24E21003195DF /* Frameworks */,
				7F9A14A129C24E21003195DF /* Resources */,
			);
			buildRules = (
			);
			dependencies = (
			);
			name = "weather-app";
			productName = "weather-app";
			productReference = 7F9A14A329C24E21003195DF /* weather-app.app */;
			productType = "com.apple.product-type.application";
		};
		7F9A14B829C24E22003195DF /* weather-appTests */ = {
			isa = PBXNativeTarget;
			buildConfigurationList = 7F9A14D029C24E22003195DF /* Build configuration list for PBXNativeTarget "weather-appTests" */;
			buildPhases = (
				7F9A14B529C24E22003195DF /* Sources */,
				7F9A14B629C24E22003195DF /* Frameworks */,
				7F9A14B729C24E22003195DF /* Resources */,
			);
			buildRules = (
			);
			dependencies = (
				7F9A14BB29C24E22003195DF /* PBXTargetDependency */,
			);
			name = "weather-appTests";
			productName = "weather-appTests";
			productReference = 7F9A14B929C24E22003195DF /* weather-appTests.xctest */;
			productType = "com.apple.product-type.bundle.unit-test";
		};
		7F9A14C229C24E22003195DF /* weather-appUITests */ = {
			isa = PBXNativeTarget;
			buildConfigurationList = 7F9A14D329C24E22003195DF /* Build configuration list for PBXNativeTarget "weather-appUITests" */;
			buildPhases = (
				7F9A14BF29C24E22003195DF /* Sources */,
				7F9A14C029C24E22003195DF /* Frameworks */,
				7F9A14C129C24E22003195DF /* Resources */,
			);
			buildRules = (
			);
			dependencies = (
				7F9A14C529C24E22003195DF /* PBXTargetDependency */,
			);
			name = "weather-appUITests";
			productName = "weather-appUITests";
			productReference = 7F9A14C329C24E22003195DF /* weather-appUITests.xctest */;
			productType = "com.apple.product-type.bundle.ui-testing";
		};
/* End PBXNativeTarget section */

/* Begin PBXProject section */
		7F9A149B29C24E21003195DF /* Project object */ = {
			isa = PBXProject;
			attributes = {
				BuildIndependentTargetsInParallel = 1;
				LastSwiftUpdateCheck = 1420;
				LastUpgradeCheck = 1420;
				TargetAttributes = {
					7F9A14A229C24E21003195DF = {
						CreatedOnToolsVersion = 14.2;
					};
					7F9A14B829C24E22003195DF = {
						CreatedOnToolsVersion = 14.2;
						TestTargetID = 7F9A14A229C24E21003195DF;
					};
					7F9A14C229C24E22003195DF = {
						CreatedOnToolsVersion = 14.2;
						TestTargetID = 7F9A14A229C24E21003195DF;
					};
				};
			};
			buildConfigurationList = 7F9A149E29C24E21003195DF /* Build configuration list for PBXProject "weather-app" */;
			compatibilityVersion = "Xcode 14.0";
			developmentRegion = en;
			hasScannedForEncodings = 0;
			knownRegions = (
				en,
				Base,
			);
			mainGroup = 7F9A149A29C24E21003195DF;
			productRefGroup = 7F9A14A429C24E21003195DF /* Products */;
			projectDirPath = "";
			projectRoot = "";
			targets = (
				7F9A14A229C24E21003195DF /* weather-app */,
				7F9A14B829C24E22003195DF /* weather-appTests */,
				7F9A14C229C24E22003195DF /* weather-appUITests */,
			);
		};
/* End PBXProject section */

/* Begin PBXResourcesBuildPhase section */
		7F9A14A129C24E21003195DF /* Resources */ = {
			isa = PBXResourcesBuildPhase;
			buildActionMask = 2147483647;
			files = (
				7F9A14B329C24E22003195DF /* LaunchScreen.storyboard in Resources */,
				7F9A14D729C24ECD003195DF /* 4418.json in Resources */,
				7F9A14B029C24E22003195DF /* Assets.xcassets in Resources */,
				7F9A14AE29C24E21003195DF /* Main.storyboard in Resources */,
			);
			runOnlyForDeploymentPostprocessing = 0;
		};
		7F9A14B729C24E22003195DF /* Resources */ = {
			isa = PBXResourcesBuildPhase;
			buildActionMask = 2147483647;
			files = (
			);
			runOnlyForDeploymentPostprocessing = 0;
		};
		7F9A14C129C24E22003195DF /* Resources */ = {
			isa = PBXResourcesBuildPhase;
			buildActionMask = 2147483647;
			files = (
			);
			runOnlyForDeploymentPostprocessing = 0;
		};
/* End PBXResourcesBuildPhase section */

/* Begin PBXSourcesBuildPhase section */
		7F9A149F29C24E21003195DF /* Sources */ = {
			isa = PBXSourcesBuildPhase;
			buildActionMask = 2147483647;
			files = (
				7F9A14AB29C24E21003195DF /* ViewController.swift in Sources */,
				7F9A14A729C24E21003195DF /* AppDelegate.swift in Sources */,
				7F9A14DB29C24FAE003195DF /* WeatherManager.swift in Sources */,
				7F9A14D929C24EE5003195DF /* WeatherData.swift in Sources */,
				7F9A14A929C24E21003195DF /* SceneDelegate.swift in Sources */,
			);
			runOnlyForDeploymentPostprocessing = 0;
		};
		7F9A14B529C24E22003195DF /* Sources */ = {
			isa = PBXSourcesBuildPhase;
			buildActionMask = 2147483647;
			files = (
				7F9A14BE29C24E22003195DF /* weather_appTests.swift in Sources */,
			);
			runOnlyForDeploymentPostprocessing = 0;
		};
		7F9A14BF29C24E22003195DF /* Sources */ = {
			isa = PBXSourcesBuildPhase;
			buildActionMask = 2147483647;
			files = (
				7F9A14C829C24E22003195DF /* weather_appUITests.swift in Sources */,
				7F9A14CA29C24E22003195DF /* weather_appUITestsLaunchTests.swift in Sources */,
			);
			runOnlyForDeploymentPostprocessing = 0;
		};
/* End PBXSourcesBuildPhase section */

/* Begin PBXTargetDependency section */
		7F9A14BB29C24E22003195DF /* PBXTargetDependency */ = {
			isa = PBXTargetDependency;
			target = 7F9A14A229C24E21003195DF /* weather-app */;
			targetProxy = 7F9A14BA29C24E22003195DF /* PBXContainerItemProxy */;
		};
		7F9A14C529C24E22003195DF /* PBXTargetDependency */ = {
			isa = PBXTargetDependency;
			target = 7F9A14A229C24E21003195DF /* weather-app */;
			targetProxy = 7F9A14C429C24E22003195DF /* PBXContainerItemProxy */;
		};
/* End PBXTargetDependency section */

/* Begin PBXVariantGroup section */
		7F9A14AC29C24E21003195DF /* Main.storyboard */ = {
			isa = PBXVariantGroup;
			children = (
				7F9A14AD29C24E21003195DF /* Base */,
			);
			name = Main.storyboard;
			sourceTree = "<group>";
		};
		7F9A14B129C24E22003195DF /* LaunchScreen.storyboard */ = {
			isa = PBXVariantGroup;
			children = (
				7F9A14B229C24E22003195DF /* Base */,
			);
			name = LaunchScreen.storyboard;
			sourceTree = "<group>";
		};
/* End PBXVariantGroup section */

/* Begin XCBuildConfiguration section */
		7F9A14CB29C24E22003195DF /* Debug */ = {
			isa = XCBuildConfiguration;
			buildSettings = {
				ALWAYS_SEARCH_USER_PATHS = NO;
				CLANG_ANALYZER_NONNULL = YES;
				CLANG_ANALYZER_NUMBER_OBJECT_CONVERSION = YES_AGGRESSIVE;
				CLANG_CXX_LANGUAGE_STANDARD = "gnu++20";
				CLANG_ENABLE_MODULES = YES;
				CLANG_ENABLE_OBJC_ARC = YES;
				CLANG_ENABLE_OBJC_WEAK = YES;
				CLANG_WARN_BLOCK_CAPTURE_AUTORELEASING = YES;
				CLANG_WARN_BOOL_CONVERSION = YES;
				CLANG_WARN_COMMA = YES;
				CLANG_WARN_CONSTANT_CONVERSION = YES;
				CLANG_WARN_DEPRECATED_OBJC_IMPLEMENTATIONS = YES;
				CLANG_WARN_DIRECT_OBJC_ISA_USAGE = YES_ERROR;
				CLANG_WARN_DOCUMENTATION_COMMENTS = YES;
				CLANG_WARN_EMPTY_BODY = YES;
				CLANG_WARN_ENUM_CONVERSION = YES;
				CLANG_WARN_INFINITE_RECURSION = YES;
				CLANG_WARN_INT_CONVERSION = YES;
				CLANG_WARN_NON_LITERAL_NULL_CONVERSION = YES;
				CLANG_WARN_OBJC_IMPLICIT_RETAIN_SELF = YES;
				CLANG_WARN_OBJC_LITERAL_CONVERSION = YES;
				CLANG_WARN_OBJC_ROOT_CLASS = YES_ERROR;
				CLANG_WARN_QUOTED_INCLUDE_IN_FRAMEWORK_HEADER = YES;
				CLANG_WARN_RANGE_LOOP_ANALYSIS = YES;
				CLANG_WARN_STRICT_PROTOTYPES = YES;
				CLANG_WARN_SUSPICIOUS_MOVE = YES;
				CLANG_WARN_UNGUARDED_AVAILABILITY = YES_AGGRESSIVE;
				CLANG_WARN_UNREACHABLE_CODE = YES;
				CLANG_WARN__DUPLICATE_METHOD_MATCH = YES;
				COPY_PHASE_STRIP = NO;
				DEBUG_INFORMATION_FORMAT = dwarf;
				ENABLE_STRICT_OBJC_MSGSEND = YES;
				ENABLE_TESTABILITY = YES;
				GCC_C_LANGUAGE_STANDARD = gnu11;
				GCC_DYNAMIC_NO_PIC = NO;
				GCC_NO_COMMON_BLOCKS = YES;
				GCC_OPTIMIZATION_LEVEL = 0;
				GCC_PREPROCESSOR_DEFINITIONS = (
					"DEBUG=1",
					"$(inherited)",
				);
				GCC_WARN_64_TO_32_BIT_CONVERSION = YES;
				GCC_WARN_ABOUT_RETURN_TYPE = YES_ERROR;
				GCC_WARN_UNDECLARED_SELECTOR = YES;
				GCC_WARN_UNINITIALIZED_AUTOS = YES_AGGRESSIVE;
				GCC_WARN_UNUSED_FUNCTION = YES;
				GCC_WARN_UNUSED_VARIABLE = YES;
				IPHONEOS_DEPLOYMENT_TARGET = 16.2;
				MTL_ENABLE_DEBUG_INFO = INCLUDE_SOURCE;
				MTL_FAST_MATH = YES;
				ONLY_ACTIVE_ARCH = YES;
				SDKROOT = iphoneos;
				SWIFT_ACTIVE_COMPILATION_CONDITIONS = DEBUG;
				SWIFT_OPTIMIZATION_LEVEL = "-Onone";
			};
			name = Debug;
		};
		7F9A14CC29C24E22003195DF /* Release */ = {
			isa = XCBuildConfiguration;
			buildSettings = {
				ALWAYS_SEARCH_USER_PATHS = NO;
				CLANG_ANALYZER_NONNULL = YES;
				CLANG_ANALYZER_NUMBER_OBJECT_CONVERSION = YES_AGGRESSIVE;
				CLANG_CXX_LANGUAGE_STANDARD = "gnu++20";
				CLANG_ENABLE_MODULES = YES;
				CLANG_ENABLE_OBJC_ARC = YES;
				CLANG_ENABLE_OBJC_WEAK = YES;
				CLANG_WARN_BLOCK_CAPTURE_AUTORELEASING = YES;
				CLANG_WARN_BOOL_CONVERSION = YES;
				CLANG_WARN_COMMA = YES;
				CLANG_WARN_CONSTANT_CONVERSION = YES;
				CLANG_WARN_DEPRECATED_OBJC_IMPLEMENTATIONS = YES;
				CLANG_WARN_DIRECT_OBJC_ISA_USAGE = YES_ERROR;
				CLANG_WARN_DOCUMENTATION_COMMENTS = YES;
				CLANG_WARN_EMPTY_BODY = YES;
				CLANG_WARN_ENUM_CONVERSION = YES;
				CLANG_WARN_INFINITE_RECURSION = YES;
				CLANG_WARN_INT_CONVERSION = YES;
				CLANG_WARN_NON_LITERAL_NULL_CONVERSION = YES;
				CLANG_WARN_OBJC_IMPLICIT_RETAIN_SELF = YES;
				CLANG_WARN_OBJC_LITERAL_CONVERSION = YES;
				CLANG_WARN_OBJC_ROOT_CLASS = YES_ERROR;
				CLANG_WARN_QUOTED_INCLUDE_IN_FRAMEWORK_HEADER = YES;
				CLANG_WARN_RANGE_LOOP_ANALYSIS = YES;
				CLANG_WARN_STRICT_PROTOTYPES = YES;
				CLANG_WARN_SUSPICIOUS_MOVE = YES;
				CLANG_WARN_UNGUARDED_AVAILABILITY = YES_AGGRESSIVE;
				CLANG_WARN_UNREACHABLE_CODE = YES;
				CLANG_WARN__DUPLICATE_METHOD_MATCH = YES;
				COPY_PHASE_STRIP = NO;
				DEBUG_INFORMATION_FORMAT = "dwarf-with-dsym";
				ENABLE_NS_ASSERTIONS = NO;
				ENABLE_STRICT_OBJC_MSGSEND = YES;
				GCC_C_LANGUAGE_STANDARD = gnu11;
				GCC_NO_COMMON_BLOCKS = YES;
				GCC_WARN_64_TO_32_BIT_CONVERSION = YES;
				GCC_WARN_ABOUT_RETURN_TYPE = YES_ERROR;
				GCC_WARN_UNDECLARED_SELECTOR = YES;
				GCC_WARN_UNINITIALIZED_AUTOS = YES_AGGRESSIVE;
				GCC_WARN_UNUSED_FUNCTION = YES;
				GCC_WARN_UNUSED_VARIABLE = YES;
				IPHONEOS_DEPLOYMENT_TARGET = 16.2;
				MTL_ENABLE_DEBUG_INFO = NO;
				MTL_FAST_MATH = YES;
				SDKROOT = iphoneos;
				SWIFT_COMPILATION_MODE = wholemodule;
				SWIFT_OPTIMIZATION_LEVEL = "-O";
				VALIDATE_PRODUCT = YES;
			};
			name = Release;
		};
		7F9A14CE29C24E22003195DF /* Debug */ = {
			isa = XCBuildConfiguration;
			buildSettings = {
				ASSETCATALOG_COMPILER_APPICON_NAME = AppIcon;
				ASSETCATALOG_COMPILER_GLOBAL_ACCENT_COLOR_NAME = AccentColor;
				CODE_SIGN_STYLE = Automatic;
				CURRENT_PROJECT_VERSION = 1;
				GENERATE_INFOPLIST_FILE = YES;
				INFOPLIST_FILE = "weather-app/Info.plist";
				INFOPLIST_KEY_UIApplicationSupportsIndirectInputEvents = YES;
				INFOPLIST_KEY_UILaunchStoryboardName = LaunchScreen;
				INFOPLIST_KEY_UIMainStoryboardFile = Main;
				INFOPLIST_KEY_UISupportedInterfaceOrientations_iPad = "UIInterfaceOrientationPortrait UIInterfaceOrientationPortraitUpsideDown UIInterfaceOrientationLandscapeLeft UIInterfaceOrientationLandscapeRight";
				INFOPLIST_KEY_UISupportedInterfaceOrientations_iPhone = "UIInterfaceOrientationPortrait UIInterfaceOrientationLandscapeLeft UIInterfaceOrientationLandscapeRight";
				LD_RUNPATH_SEARCH_PATHS = (
					"$(inherited)",
					"@executable_path/Frameworks",
				);
				MARKETING_VERSION = 1.0;
				PRODUCT_BUNDLE_IDENTIFIER = "testapp.weather-app";
				PRODUCT_NAME = "$(TARGET_NAME)";
				SWIFT_EMIT_LOC_STRINGS = YES;
				SWIFT_VERSION = 5.0;
				TARGETED_DEVICE_FAMILY = "1,2";
			};
			name = Debug;
		};
		7F9A14CF29C24E22003195DF /* Release */ = {
			isa = XCBuildConfiguration;
			buildSettings = {
				ASSETCATALOG_COMPILER_APPICON_NAME = AppIcon;
				ASSETCATALOG_COMPILER_GLOBAL_ACCENT_COLOR_NAME = AccentColor;
				CODE_SIGN_STYLE = Automatic;
				CURRENT_PROJECT_VERSION = 1;
				GENERATE_INFOPLIST_FILE = YES;
				INFOPLIST_FILE = "weather-app/Info.plist";
				INFOPLIST_KEY_UIApplicationSupportsIndirectInputEvents = YES;
				INFOPLIST_KEY_UILaunchStoryboardName = LaunchScreen;
				INFOPLIST_KEY_UIMainStoryboardFile = Main;
				INFOPLIST_KEY_UISupportedInterfaceOrientations_iPad = "UIInterfaceOrientationPortrait UIInterfaceOrientationPortraitUpsideDown UIInterfaceOrientationLandscapeLeft UIInterfaceOrientationLandscapeRight";
				INFOPLIST_KEY_UISupportedInterfaceOrientations_iPhone = "UIInterfaceOrientationPortrait UIInterfaceOrientationLandscapeLeft UIInterfaceOrientationLandscapeRight";
				LD_RUNPATH_SEARCH_PATHS = (
					"$(inherited)",
					"@executable_path/Frameworks",
				);
				MARKETING_VERSION = 1.0;
				PRODUCT_BUNDLE_IDENTIFIER = "testapp.weather-app";
				PRODUCT_NAME = "$(TARGET_NAME)";
				SWIFT_EMIT_LOC_STRINGS = YES;
				SWIFT_VERSION = 5.0;
				TARGETED_DEVICE_FAMILY = "1,2";
			};
			name = Release;
		};
		7F9A14D129C24E22003195DF /* Debug */ = {
			isa = XCBuildConfiguration;
			buildSettings = {
				ALWAYS_EMBED_SWIFT_STANDARD_LIBRARIES = YES;
				BUNDLE_LOADER = "$(TEST_HOST)";
				CODE_SIGN_STYLE = Automatic;
				CURRENT_PROJECT_VERSION = 1;
				GENERATE_INFOPLIST_FILE = YES;
				IPHONEOS_DEPLOYMENT_TARGET = 16.2;
				MARKETING_VERSION = 1.0;
				PRODUCT_BUNDLE_IDENTIFIER = "testapp.weather-appTests";
				PRODUCT_NAME = "$(TARGET_NAME)";
				SWIFT_EMIT_LOC_STRINGS = NO;
				SWIFT_VERSION = 5.0;
				TARGETED_DEVICE_FAMILY = "1,2";
				TEST_HOST = "$(BUILT_PRODUCTS_DIR)/weather-app.app/$(BUNDLE_EXECUTABLE_FOLDER_PATH)/weather-app";
			};
			name = Debug;
		};
		7F9A14D229C24E22003195DF /* Release */ = {
			isa = XCBuildConfiguration;
			buildSettings = {
				ALWAYS_EMBED_SWIFT_STANDARD_LIBRARIES = YES;
				BUNDLE_LOADER = "$(TEST_HOST)";
				CODE_SIGN_STYLE = Automatic;
				CURRENT_PROJECT_VERSION = 1;
				GENERATE_INFOPLIST_FILE = YES;
				IPHONEOS_DEPLOYMENT_TARGET = 16.2;
				MARKETING_VERSION = 1.0;
				PRODUCT_BUNDLE_IDENTIFIER = "testapp.weather-appTests";
				PRODUCT_NAME = "$(TARGET_NAME)";
				SWIFT_EMIT_LOC_STRINGS = NO;
				SWIFT_VERSION = 5.0;
				TARGETED_DEVICE_FAMILY = "1,2";
				TEST_HOST = "$(BUILT_PRODUCTS_DIR)/weather-app.app/$(BUNDLE_EXECUTABLE_FOLDER_PATH)/weather-app";
			};
			name = Release;
		};
		7F9A14D429C24E22003195DF /* Debug */ = {
			isa = XCBuildConfiguration;
			buildSettings = {
				ALWAYS_EMBED_SWIFT_STANDARD_LIBRARIES = YES;
				CODE_SIGN_STYLE = Automatic;
				CURRENT_PROJECT_VERSION = 1;
				GENERATE_INFOPLIST_FILE = YES;
				MARKETING_VERSION = 1.0;
				PRODUCT_BUNDLE_IDENTIFIER = "testapp.weather-appUITests";
				PRODUCT_NAME = "$(TARGET_NAME)";
				SWIFT_EMIT_LOC_STRINGS = NO;
				SWIFT_VERSION = 5.0;
				TARGETED_DEVICE_FAMILY = "1,2";
				TEST_TARGET_NAME = "weather-app";
			};
			name = Debug;
		};
		7F9A14D529C24E22003195DF /* Release */ = {
			isa = XCBuildConfiguration;
			buildSettings = {
				ALWAYS_EMBED_SWIFT_STANDARD_LIBRARIES = YES;
				CODE_SIGN_STYLE = Automatic;
				CURRENT_PROJECT_VERSION = 1;
				GENERATE_INFOPLIST_FILE = YES;
				MARKETING_VERSION = 1.0;
				PRODUCT_BUNDLE_IDENTIFIER = "testapp.weather-appUITests";
				PRODUCT_NAME = "$(TARGET_NAME)";
				SWIFT_EMIT_LOC_STRINGS = NO;
				SWIFT_VERSION = 5.0;
				TARGETED_DEVICE_FAMILY = "1,2";
				TEST_TARGET_NAME = "weather-app";
			};
			name = Release;
		};
/* End XCBuildConfiguration section */

/* Begin XCConfigurationList section */
		7F9A149E29C24E21003195DF /* Build configuration list for PBXProject "weather-app" */ = {
			isa = XCConfigurationList;
			buildConfigurations = (
				7F9A14CB29C24E22003195DF /* Debug */,
				7F9A14CC29C24E22003195DF /* Release */,
			);
			defaultConfigurationIsVisible = 0;
			defaultConfigurationName = Release;
		};
		7F9A14CD29C24E22003195DF /* Build configuration list for PBXNativeTarget "weather-app" */ = {
			isa = XCConfigurationList;
			buildConfigurations = (
				7F9A14CE29C24E22003195DF /* Debug */,
				7F9A14CF29C24E22003195DF /* Release */,
			);
			defaultConfigurationIsVisible = 0;
			defaultConfigurationName = Release;
		};
		7F9A14D029C24E22003195DF /* Build configuration list for PBXNativeTarget "weather-appTests" */ = {
			isa = XCConfigurationList;
			buildConfigurations = (
				7F9A14D129C24E22003195DF /* Debug */,
				7F9A14D229C24E22003195DF /* Release */,
			);
			defaultConfigurationIsVisible = 0;
			defaultConfigurationName = Release;
		};
		7F9A14D329C24E22003195DF /* Build configuration list for PBXNativeTarget "weather-appUITests" */ = {
			isa = XCConfigurationList;
			buildConfigurations = (
				7F9A14D429C24E22003195DF /* Debug */,
				7F9A14D529C24E22003195DF /* Release */,
			);
			defaultConfigurationIsVisible = 0;
			defaultConfigurationName = Release;
		};
/* End XCConfigurationList section */
	};
	rootObject = 7F9A149B29C24E21003195DF /* Project object */;
}
